{
  "name": "pokedex",
  "lockfileVersion": 2,
  "requires": true,
  "packages": {
    "": {
      "dependencies": {
        "material-symbols": "^0.4.5"
      }
    },
    "node_modules/material-symbols": {
      "version": "0.4.5",
      "resolved": "https://registry.npmjs.org/material-symbols/-/material-symbols-0.4.5.tgz",
      "integrity": "sha512-IecrpQW2whLbe4ByN/E3VbDWrQNKO+3FEtCdO7/QmKlTd3Vxt3fHKXLQe7iTS3Svm6fYJEQv+eAxy3WtPNg2Rg=="
    }
  },
  "dependencies": {
    "material-symbols": {
      "version": "0.4.5",
      "resolved": "https://registry.npmjs.org/material-symbols/-/material-symbols-0.4.5.tgz",
      "integrity": "sha512-IecrpQW2whLbe4ByN/E3VbDWrQNKO+3FEtCdO7/QmKlTd3Vxt3fHKXLQe7iTS3Svm6fYJEQv+eAxy3WtPNg2Rg=="
    }
  }
}
